// !$*UTF8*$!
{
	archiveVersion = 1;
	classes = {
	};
	objectVersion = 46;
	objects = {

/* Begin PBXBuildFile section */
		2971BFF517084A4800F38E32 /* UIKit.framework in Frameworks */ = {isa = PBXBuildFile; fileRef = 2971BFF417084A4800F38E32 /* UIKit.framework */; };
		2971BFF717084A4800F38E32 /* Foundation.framework in Frameworks */ = {isa = PBXBuildFile; fileRef = 2971BFF617084A4800F38E32 /* Foundation.framework */; };
		2971BFF917084A4800F38E32 /* CoreGraphics.framework in Frameworks */ = {isa = PBXBuildFile; fileRef = 2971BFF817084A4800F38E32 /* CoreGraphics.framework */; };
		2971BFFF17084A4800F38E32 /* InfoPlist.strings in Resources */ = {isa = PBXBuildFile; fileRef = 2971BFFD17084A4800F38E32 /* InfoPlist.strings */; };
		2971C00117084A4800F38E32 /* main.m in Sources */ = {isa = PBXBuildFile; fileRef = 2971C00017084A4800F38E32 /* main.m */; };
		2971C00517084A4800F38E32 /* AppDelegate.m in Sources */ = {isa = PBXBuildFile; fileRef = 2971C00417084A4800F38E32 /* AppDelegate.m */; };
		2971C00717084A4800F38E32 /* Default.png in Resources */ = {isa = PBXBuildFile; fileRef = 2971C00617084A4800F38E32 /* Default.png */; };
		2971C00917084A4800F38E32 /* Default@2x.png in Resources */ = {isa = PBXBuildFile; fileRef = 2971C00817084A4800F38E32 /* Default@2x.png */; };
		2971C00B17084A4800F38E32 /* Default-568h@2x.png in Resources */ = {isa = PBXBuildFile; fileRef = 2971C00A17084A4800F38E32 /* Default-568h@2x.png */; };
		2971C00E17084A4800F38E32 /* ViewController.m in Sources */ = {isa = PBXBuildFile; fileRef = 2971C00D17084A4800F38E32 /* ViewController.m */; };
		2971C01117084A4800F38E32 /* ViewController.xib in Resources */ = {isa = PBXBuildFile; fileRef = 2971C00F17084A4800F38E32 /* ViewController.xib */; };
		2971C01A17084A8300F38E32 /* GifImageView.m in Sources */ = {isa = PBXBuildFile; fileRef = 2971C01917084A8300F38E32 /* GifImageView.m */; };
		2971C01C17084AC200F38E32 /* ImageIO.framework in Frameworks */ = {isa = PBXBuildFile; fileRef = 2971C01B17084AC200F38E32 /* ImageIO.framework */; };
		2971C01E17084BDE00F38E32 /* gintama.gif in Resources */ = {isa = PBXBuildFile; fileRef = 2971C01D17084BDE00F38E32 /* gintama.gif */; };
		2971C020170850A100F38E32 /* README.md in Resources */ = {isa = PBXBuildFile; fileRef = 2971C01F170850A100F38E32 /* README.md */; };
/* End PBXBuildFile section */

/* Begin PBXFileReference section */
		2971BFF117084A4800F38E32 /* GifImageView.app */ = {isa = PBXFileReference; explicitFileType = wrapper.application; includeInIndex = 0; path = GifImageView.app; sourceTree = BUILT_PRODUCTS_DIR; };
		2971BFF417084A4800F38E32 /* UIKit.framework */ = {isa = PBXFileReference; lastKnownFileType = wrapper.framework; name = UIKit.framework; path = System/Library/Frameworks/UIKit.framework; sourceTree = SDKROOT; };
		2971BFF617084A4800F38E32 /* Foundation.framework */ = {isa = PBXFileReference; lastKnownFileType = wrapper.framework; name = Foundation.framework; path = System/Library/Frameworks/Foundation.framework; sourceTree = SDKROOT; };
		2971BFF817084A4800F38E32 /* CoreGraphics.framework */ = {isa = PBXFileReference; lastKnownFileType = wrapper.framework; name = CoreGraphics.framework; path = System/Library/Frameworks/CoreGraphics.framework; sourceTree = SDKROOT; };
		2971BFFC17084A4800F38E32 /* GifImageView-Info.plist */ = {isa = PBXFileReference; lastKnownFileType = text.plist.xml; path = "GifImageView-Info.plist"; sourceTree = "<group>"; };
		2971BFFE17084A4800F38E32 /* en */ = {isa = PBXFileReference; lastKnownFileType = text.plist.strings; name = en; path = en.lproj/InfoPlist.strings; sourceTree = "<group>"; };
		2971C00017084A4800F38E32 /* main.m */ = {isa = PBXFileReference; lastKnownFileType = sourcecode.c.objc; path = main.m; sourceTree = "<group>"; };
		2971C00217084A4800F38E32 /* GifImageView-Prefix.pch */ = {isa = PBXFileReference; lastKnownFileType = sourcecode.c.h; path = "GifImageView-Prefix.pch"; sourceTree = "<group>"; };
		2971C00317084A4800F38E32 /* AppDelegate.h */ = {isa = PBXFileReference; lastKnownFileType = sourcecode.c.h; path = AppDelegate.h; sourceTree = "<group>"; };
		2971C00417084A4800F38E32 /* AppDelegate.m */ = {isa = PBXFileReference; lastKnownFileType = sourcecode.c.objc; path = AppDelegate.m; sourceTree = "<group>"; };
		2971C00617084A4800F38E32 /* Default.png */ = {isa = PBXFileReference; lastKnownFileType = image.png; path = Default.png; sourceTree = "<group>"; };
		2971C00817084A4800F38E32 /* Default@2x.png */ = {isa = PBXFileReference; lastKnownFileType = image.png; path = "Default@2x.png"; sourceTree = "<group>"; };
		2971C00A17084A4800F38E32 /* Default-568h@2x.png */ = {isa = PBXFileReference; lastKnownFileType = image.png; path = "Default-568h@2x.png"; sourceTree = "<group>"; };
		2971C00C17084A4800F38E32 /* ViewController.h */ = {isa = PBXFileReference; lastKnownFileType = sourcecode.c.h; path = ViewController.h; sourceTree = "<group>"; };
		2971C00D17084A4800F38E32 /* ViewController.m */ = {isa = PBXFileReference; lastKnownFileType = sourcecode.c.objc; path = ViewController.m; sourceTree = "<group>"; };
		2971C01017084A4800F38E32 /* en */ = {isa = PBXFileReference; lastKnownFileType = file.xib; name = en; path = en.lproj/ViewController.xib; sourceTree = "<group>"; };
		2971C01817084A8300F38E32 /* GifImageView.h */ = {isa = PBXFileReference; fileEncoding = 4; lastKnownFileType = sourcecode.c.h; path = GifImageView.h; sourceTree = "<group>"; };
		2971C01917084A8300F38E32 /* GifImageView.m */ = {isa = PBXFileReference; fileEncoding = 4; lastKnownFileType = sourcecode.c.objc; path = GifImageView.m; sourceTree = "<group>"; };
		2971C01B17084AC200F38E32 /* ImageIO.framework */ = {isa = PBXFileReference; lastKnownFileType = wrapper.framework; name = ImageIO.framework; path = System/Library/Frameworks/ImageIO.framework; sourceTree = SDKROOT; };
		2971C01D17084BDE00F38E32 /* gintama.gif */ = {isa = PBXFileReference; lastKnownFileType = image.gif; path = gintama.gif; sourceTree = "<group>"; };
		2971C01F170850A100F38E32 /* README.md */ = {isa = PBXFileReference; fileEncoding = 4; lastKnownFileType = text; path = README.md; sourceTree = "<group>"; };
/* End PBXFileReference section */

/* Begin PBXFrameworksBuildPhase section */
		2971BFEE17084A4800F38E32 /* Frameworks */ = {
			isa = PBXFrameworksBuildPhase;
			buildActionMask = 2147483647;
			files = (
				2971C01C17084AC200F38E32 /* ImageIO.framework in Frameworks */,
				2971BFF517084A4800F38E32 /* UIKit.framework in Frameworks */,
				2971BFF717084A4800F38E32 /* Foundation.framework in Frameworks */,
				2971BFF917084A4800F38E32 /* CoreGraphics.framework in Frameworks */,
			);
			runOnlyForDeploymentPostprocessing = 0;
		};
/* End PBXFrameworksBuildPhase section */

/* Begin PBXGroup section */
		2971BFE817084A4800F38E32 = {
			isa = PBXGroup;
			children = (
				2971BFFA17084A4800F38E32 /* GifImageView */,
				2971BFF317084A4800F38E32 /* Frameworks */,
				2971BFF217084A4800F38E32 /* Products */,
			);
			sourceTree = "<group>";
		};
		2971BFF217084A4800F38E32 /* Products */ = {
			isa = PBXGroup;
			children = (
				2971BFF117084A4800F38E32 /* GifImageView.app */,
			);
			name = Products;
			sourceTree = "<group>";
		};
		2971BFF317084A4800F38E32 /* Frameworks */ = {
			isa = PBXGroup;
			children = (
				2971C01B17084AC200F38E32 /* ImageIO.framework */,
				2971BFF417084A4800F38E32 /* UIKit.framework */,
				2971BFF617084A4800F38E32 /* Foundation.framework */,
				2971BFF817084A4800F38E32 /* CoreGraphics.framework */,
			);
			name = Frameworks;
			sourceTree = "<group>";
		};
		2971BFFA17084A4800F38E32 /* GifImageView */ = {
			isa = PBXGroup;
			children = (
				2971C01717084A8300F38E32 /* GifImageView */,
				2971C00317084A4800F38E32 /* AppDelegate.h */,
				2971C00417084A4800F38E32 /* AppDelegate.m */,
				2971C00C17084A4800F38E32 /* ViewController.h */,
				2971C00D17084A4800F38E32 /* ViewController.m */,
				2971C00F17084A4800F38E32 /* ViewController.xib */,
				2971C01D17084BDE00F38E32 /* gintama.gif */,
				2971BFFB17084A4800F38E32 /* Supporting Files */,
				2971C01F170850A100F38E32 /* README.md */,
			);
			path = GifImageView;
			sourceTree = "<group>";
		};
		2971BFFB17084A4800F38E32 /* Supporting Files */ = {
			isa = PBXGroup;
			children = (
				2971BFFC17084A4800F38E32 /* GifImageView-Info.plist */,
				2971BFFD17084A4800F38E32 /* InfoPlist.strings */,
				2971C00017084A4800F38E32 /* main.m */,
				2971C00217084A4800F38E32 /* GifImageView-Prefix.pch */,
				2971C00617084A4800F38E32 /* Default.png */,
				2971C00817084A4800F38E32 /* Default@2x.png */,
				2971C00A17084A4800F38E32 /* Default-568h@2x.png */,
			);
			name = "Supporting Files";
			sourceTree = "<group>";
		};
		2971C01717084A8300F38E32 /* GifImageView */ = {
			isa = PBXGroup;
			children = (
				2971C01817084A8300F38E32 /* GifImageView.h */,
				2971C01917084A8300F38E32 /* GifImageView.m */,
			);
			path = GifImageView;
			sourceTree = "<group>";
		};
/* End PBXGroup section */

/* Begin PBXNativeTarget section */
		2971BFF017084A4800F38E32 /* GifImageView */ = {
			isa = PBXNativeTarget;
			buildConfigurationList = 2971C01417084A4800F38E32 /* Build configuration list for PBXNativeTarget "GifImageView" */;
			buildPhases = (
				2971BFED17084A4800F38E32 /* Sources */,
				2971BFEE17084A4800F38E32 /* Frameworks */,
				2971BFEF17084A4800F38E32 /* Resources */,
			);
			buildRules = (
			);
			dependencies = (
			);
			name = GifImageView;
			productName = GifImageView;
			productReference = 2971BFF117084A4800F38E32 /* GifImageView.app */;
			productType = "com.apple.product-type.application";
		};
/* End PBXNativeTarget section */

/* Begin PBXProject section */
		2971BFE917084A4800F38E32 /* Project object */ = {
			isa = PBXProject;
			attributes = {
				LastUpgradeCheck = 0460;
				ORGANIZATIONNAME = Singro;
			};
			buildConfigurationList = 2971BFEC17084A4800F38E32 /* Build configuration list for PBXProject "GifImageView" */;
			compatibilityVersion = "Xcode 3.2";
			developmentRegion = English;
			hasScannedForEncodings = 0;
			knownRegions = (
				en,
			);
			mainGroup = 2971BFE817084A4800F38E32;
			productRefGroup = 2971BFF217084A4800F38E32 /* Products */;
			projectDirPath = "";
			projectRoot = "";
			targets = (
				2971BFF017084A4800F38E32 /* GifImageView */,
			);
		};
/* End PBXProject section */

/* Begin PBXResourcesBuildPhase section */
		2971BFEF17084A4800F38E32 /* Resources */ = {
			isa = PBXResourcesBuildPhase;
			buildActionMask = 2147483647;
			files = (
				2971BFFF17084A4800F38E32 /* InfoPlist.strings in Resources */,
				2971C00717084A4800F38E32 /* Default.png in Resources */,
				2971C00917084A4800F38E32 /* Default@2x.png in Resources */,
				2971C00B17084A4800F38E32 /* Default-568h@2x.png in Resources */,
				2971C01117084A4800F38E32 /* ViewController.xib in Resources */,
				2971C01E17084BDE00F38E32 /* gintama.gif in Resources */,
				2971C020170850A100F38E32 /* README.md in Resources */,
			);
			runOnlyForDeploymentPostprocessing = 0;
		};
/* End PBXResourcesBuildPhase section */

/* Begin PBXSourcesBuildPhase section */
		2971BFED17084A4800F38E32 /* Sources */ = {
			isa = PBXSourcesBuildPhase;
			buildActionMask = 2147483647;
			files = (
				2971C00117084A4800F38E32 /* main.m in Sources */,
				2971C00517084A4800F38E32 /* AppDelegate.m in Sources */,
				2971C00E17084A4800F38E32 /* ViewController.m in Sources */,
				2971C01A17084A8300F38E32 /* GifImageView.m in Sources */,
			);
			runOnlyForDeploymentPostprocessing = 0;
		};
/* End PBXSourcesBuildPhase section */

/* Begin PBXVariantGroup section */
		2971BFFD17084A4800F38E32 /* InfoPlist.strings */ = {
			isa = PBXVariantGroup;
			children = (
				2971BFFE17084A4800F38E32 /* en */,
			);
			name = InfoPlist.strings;
			sourceTree = "<group>";
		};
		2971C00F17084A4800F38E32 /* ViewController.xib */ = {
			isa = PBXVariantGroup;
			children = (
				2971C01017084A4800F38E32 /* en */,
			);
			name = ViewController.xib;
			sourceTree = "<group>";
		};
/* End PBXVariantGroup section */

/* Begin XCBuildConfiguration section */
		2971C01217084A4800F38E32 /* Debug */ = {
			isa = XCBuildConfiguration;
			buildSettings = {
				ALWAYS_SEARCH_USER_PATHS = NO;
				CLANG_CXX_LANGUAGE_STANDARD = "gnu++0x";
				CLANG_CXX_LIBRARY = "libc++";
				CLANG_WARN_CONSTANT_CONVERSION = YES;
				CLANG_WARN_EMPTY_BODY = YES;
				CLANG_WARN_ENUM_CONVERSION = YES;
				CLANG_WARN_INT_CONVERSION = YES;
				CLANG_WARN__DUPLICATE_METHOD_MATCH = YES;
				"CODE_SIGN_IDENTITY[sdk=iphoneos*]" = "iPhone Developer";
				COPY_PHASE_STRIP = NO;
				GCC_C_LANGUAGE_STANDARD = gnu99;
				GCC_DYNAMIC_NO_PIC = NO;
				GCC_OPTIMIZATION_LEVEL = 0;
				GCC_PREPROCESSOR_DEFINITIONS = (
					"DEBUG=1",
					"$(inherited)",
				);
				GCC_SYMBOLS_PRIVATE_EXTERN = NO;
				GCC_WARN_ABOUT_RETURN_TYPE = YES;
				GCC_WARN_UNINITIALIZED_AUTOS = YES;
				GCC_WARN_UNUSED_VARIABLE = YES;
				IPHONEOS_DEPLOYMENT_TARGET = 6.1;
				ONLY_ACTIVE_ARCH = YES;
				SDKROOT = iphoneos;
			};
			name = Debug;
		};
		2971C01317084A4800F38E32 /* Release */ = {
			isa = XCBuildConfiguration;
			buildSettings = {
				ALWAYS_SEARCH_USER_PATHS = NO;
				CLANG_CXX_LANGUAGE_STANDARD = "gnu++0x";
				CLANG_CXX_LIBRARY = "libc++";
				CLANG_WARN_CONSTANT_CONVERSION = YES;
				CLANG_WARN_EMPTY_BODY = YES;
				CLANG_WARN_ENUM_CONVERSION = YES;
				CLANG_WARN_INT_CONVERSION = YES;
				CLANG_WARN__DUPLICATE_METHOD_MATCH = YES;
				"CODE_SIGN_IDENTITY[sdk=iphoneos*]" = "iPhone Developer";
				COPY_PHASE_STRIP = YES;
				GCC_C_LANGUAGE_STANDARD = gnu99;
				GCC_WARN_ABOUT_RETURN_TYPE = YES;
				GCC_WARN_UNINITIALIZED_AUTOS = YES;
				GCC_WARN_UNUSED_VARIABLE = YES;
				IPHONEOS_DEPLOYMENT_TARGET = 6.1;
				OTHER_CFLAGS = "-DNS_BLOCK_ASSERTIONS=1";
				SDKROOT = iphoneos;
				VALIDATE_PRODUCT = YES;
			};
			name = Release;
		};
		2971C01517084A4800F38E32 /* Debug */ = {
			isa = XCBuildConfiguration;
			buildSettings = {
				GCC_PRECOMPILE_PREFIX_HEADER = YES;
				GCC_PREFIX_HEADER = "GifImageView/GifImageView-Prefix.pch";
				INFOPLIST_FILE = "GifImageView/GifImageView-Info.plist";
				PRODUCT_NAME = "$(TARGET_NAME)";
				WRAPPER_EXTENSION = app;
			};
			name = Debug;
		};
		2971C01617084A4800F38E32 /* Release */ = {
			isa = XCBuildConfiguration;
			buildSettings = {
				GCC_PRECOMPILE_PREFIX_HEADER = YES;
				GCC_PREFIX_HEADER = "GifImageView/GifImageView-Prefix.pch";
				INFOPLIST_FILE = "GifImageView/GifImageView-Info.plist";
				PRODUCT_NAME = "$(TARGET_NAME)";
				WRAPPER_EXTENSION = app;
			};
			name = Release;
		};
/* End XCBuildConfiguration section */

/* Begin XCConfigurationList section */
		2971BFEC17084A4800F38E32 /* Build configuration list for PBXProject "GifImageView" */ = {
			isa = XCConfigurationList;
			buildConfigurations = (
				2971C01217084A4800F38E32 /* Debug */,
				2971C01317084A4800F38E32 /* Release */,
			);
			defaultConfigurationIsVisible = 0;
			defaultConfigurationName = Release;
		};
		2971C01417084A4800F38E32 /* Build configuration list for PBXNativeTarget "GifImageView" */ = {
			isa = XCConfigurationList;
			buildConfigurations = (
				2971C01517084A4800F38E32 /* Debug */,
				2971C01617084A4800F38E32 /* Release */,
			);
			defaultConfigurationIsVisible = 0;
		};
/* End XCConfigurationList section */
	};
	rootObject = 2971BFE917084A4800F38E32 /* Project object */;
}
